
Microsoft Visual Studio Solution File, Format Version 12.00
# Visual Studio Version 17
VisualStudioVersion = 17.0.31903.59
MinimumVisualStudioVersion = 10.0.40219.1
Project("{2150E333-8FDC-42A3-9474-1A3956D46DE8}") = "src", "src", "{827E0CD3-B72D-47B6-A68D-7590B98EB39B}"
EndProject
Project("{FAE04EC0-301F-11D3-BF4B-00C04F79EFBC}") = "PurlMaster", "src\PurlMaster\PurlMaster.csproj", "{9232263D-F707-417E-A2DF-D611ADF21814}"
EndProject
Project("{FAE04EC0-301F-11D3-BF4B-00C04F79EFBC}") = "PurlMaster.Tests", "tests\PurlMaster.Tests\PurlMaster.Tests.csproj", "{4748BBCF-AADB-4D8C-B492-4EFE136CB0D2}"
EndProject
Global
	GlobalSection(SolutionConfigurationPlatforms) = preSolution
		Debug|Any CPU = Debug|Any CPU
		Debug|x64 = Debug|x64
		Debug|x86 = Debug|x86
		Release|Any CPU = Release|Any CPU
		Release|x64 = Release|x64
		Release|x86 = Release|x86
	EndGlobalSection
	GlobalSection(ProjectConfigurationPlatforms) = postSolution
		{9232263D-F707-417E-A2DF-D611ADF21814}.Debug|Any CPU.ActiveCfg = Debug|Any CPU
		{9232263D-F707-417E-A2DF-D611ADF21814}.Debug|Any CPU.Build.0 = Debug|Any CPU
		{9232263D-F707-417E-A2DF-D611ADF21814}.Debug|x64.ActiveCfg = Debug|Any CPU
		{9232263D-F707-417E-A2DF-D611ADF21814}.Debug|x64.Build.0 = Debug|Any CPU
		{9232263D-F707-417E-A2DF-D611ADF21814}.Debug|x86.ActiveCfg = Debug|Any CPU
		{9232263D-F707-417E-A2DF-D611ADF21814}.Debug|x86.Build.0 = Debug|Any CPU
		{9232263D-F707-417E-A2DF-D611ADF21814}.Release|Any CPU.ActiveCfg = Release|Any CPU
		{9232263D-F707-417E-A2DF-D611ADF21814}.Release|Any CPU.Build.0 = Release|Any CPU
		{9232263D-F707-417E-A2DF-D611ADF21814}.Release|x64.ActiveCfg = Release|Any CPU
		{9232263D-F707-417E-A2DF-D611ADF21814}.Release|x64.Build.0 = Release|Any CPU
		{9232263D-F707-417E-A2DF-D611ADF21814}.Release|x86.ActiveCfg = Release|Any CPU
		{9232263D-F707-417E-A2DF-D611ADF21814}.Release|x86.Build.0 = Release|Any CPU
		{4748BBCF-AADB-4D8C-B492-4EFE136CB0D2}.Debug|Any CPU.ActiveCfg = Debug|Any CPU
		{4748BBCF-AADB-4D8C-B492-4EFE136CB0D2}.Debug|Any CPU.Build.0 = Debug|Any CPU
		{4748BBCF-AADB-4D8C-B492-4EFE136CB0D2}.Debug|x64.ActiveCfg = Debug|Any CPU
		{4748BBCF-AADB-4D8C-B492-4EFE136CB0D2}.Debug|x64.Build.0 = Debug|Any CPU
		{4748BBCF-AADB-4D8C-B492-4EFE136CB0D2}.Debug|x86.ActiveCfg = Debug|Any CPU
		{4748BBCF-AADB-4D8C-B492-4EFE136CB0D2}.Debug|x86.Build.0 = Debug|Any CPU
		{4748BBCF-AADB-4D8C-B492-4EFE136CB0D2}.Release|Any CPU.ActiveCfg = Release|Any CPU
		{4748BBCF-AADB-4D8C-B492-4EFE136CB0D2}.Release|Any CPU.Build.0 = Release|Any CPU
		{4748BBCF-AADB-4D8C-B492-4EFE136CB0D2}.Release|x64.ActiveCfg = Release|Any CPU
		{4748BBCF-AADB-4D8C-B492-4EFE136CB0D2}.Release|x64.Build.0 = Release|Any CPU
		{4748BBCF-AADB-4D8C-B492-4EFE136CB0D2}.Release|x86.ActiveCfg = Release|Any CPU
		{4748BBCF-AADB-4D8C-B492-4EFE136CB0D2}.Release|x86.Build.0 = Release|Any CPU
	EndGlobalSection
	GlobalSection(SolutionProperties) = preSolution
		HideSolutionNode = FALSE
	EndGlobalSection
	GlobalSection(NestedProjects) = preSolution
		{9232263D-F707-417E-A2DF-D611ADF21814} = {827E0CD3-B72D-47B6-A68D-7590B98EB39B}
		{4748BBCF-AADB-4D8C-B492-4EFE136CB0D2} = {827E0CD3-B72D-47B6-A68D-7590B98EB39B}
	EndGlobalSection
EndGlobal
